
Microsoft Visual Studio Solution File, Format Version 12.00
# Visual Studio Version 17
VisualStudioVersion = 17.10.35122.118
MinimumVisualStudioVersion = 10.0.40219.1
Project("{FAE04EC0-301F-11D3-BF4B-00C04F79EFBC}") = "GFoot.API", "GFoot.API\GFoot.API.csproj", "{56FEC671-C679-420C-9112-1CD2A6A2173D}"
EndProject
Project("{2150E333-8FDC-42A3-9474-1A3956D46DE8}") = "Core", "Core", "{A887BD35-8F13-45F3-95A4-81B6A70E696C}"
EndProject
Project("{FAE04EC0-301F-11D3-BF4B-00C04F79EFBC}") = "Domain", "Core\Domain\Domain.csproj", "{5AA94CAD-4AC6-4843-A049-D5ADFFFB105A}"
EndProject
Project("{FAE04EC0-301F-11D3-BF4B-00C04F79EFBC}") = "Services", "Core\Services\Services.csproj", "{1BA895B9-DC53-4F70-B44D-8DC8B7AE5082}"
EndProject
Project("{FAE04EC0-301F-11D3-BF4B-00C04F79EFBC}") = "Services.Abstractions", "Core\Services.Abstractions\Services.Abstractions.csproj", "{2D4134CE-C36B-494C-A576-6894A49C2E37}"
EndProject
Project("{2150E333-8FDC-42A3-9474-1A3956D46DE8}") = "Infrastructure", "Infrastructure", "{B089CFE6-EE5B-45E8-B215-5209465F2CAD}"
EndProject
Project("{FAE04EC0-301F-11D3-BF4B-00C04F79EFBC}") = "Persistence", "Infrastructure\Persistence\Persistence.csproj", "{28F8B712-8B00-4806-A199-89C4E8BBB2E3}"
EndProject
Project("{FAE04EC0-301F-11D3-BF4B-00C04F79EFBC}") = "Presentation", "Infrastructure\Presentation\Presentation.csproj", "{5FAE4D0E-3449-4378-B467-1117DDE41E6A}"
EndProject
Project("{FAE04EC0-301F-11D3-BF4B-00C04F79EFBC}") = "Shared", "Shared\Shared.csproj", "{CE7529E9-7FF5-4684-A55C-D07D4CF7B6F4}"
EndProject
Global
	GlobalSection(SolutionConfigurationPlatforms) = preSolution
		Debug|Any CPU = Debug|Any CPU
		Release|Any CPU = Release|Any CPU
	EndGlobalSection
	GlobalSection(ProjectConfigurationPlatforms) = postSolution
		{56FEC671-C679-420C-9112-1CD2A6A2173D}.Debug|Any CPU.ActiveCfg = Debug|Any CPU
		{56FEC671-C679-420C-9112-1CD2A6A2173D}.Debug|Any CPU.Build.0 = Debug|Any CPU
		{56FEC671-C679-420C-9112-1CD2A6A2173D}.Release|Any CPU.ActiveCfg = Release|Any CPU
		{56FEC671-C679-420C-9112-1CD2A6A2173D}.Release|Any CPU.Build.0 = Release|Any CPU
		{5AA94CAD-4AC6-4843-A049-D5ADFFFB105A}.Debug|Any CPU.ActiveCfg = Debug|Any CPU
		{5AA94CAD-4AC6-4843-A049-D5ADFFFB105A}.Debug|Any CPU.Build.0 = Debug|Any CPU
		{5AA94CAD-4AC6-4843-A049-D5ADFFFB105A}.Release|Any CPU.ActiveCfg = Release|Any CPU
		{5AA94CAD-4AC6-4843-A049-D5ADFFFB105A}.Release|Any CPU.Build.0 = Release|Any CPU
		{1BA895B9-DC53-4F70-B44D-8DC8B7AE5082}.Debug|Any CPU.ActiveCfg = Debug|Any CPU
		{1BA895B9-DC53-4F70-B44D-8DC8B7AE5082}.Debug|Any CPU.Build.0 = Debug|Any CPU
		{1BA895B9-DC53-4F70-B44D-8DC8B7AE5082}.Release|Any CPU.ActiveCfg = Release|Any CPU
		{1BA895B9-DC53-4F70-B44D-8DC8B7AE5082}.Release|Any CPU.Build.0 = Release|Any CPU
		{2D4134CE-C36B-494C-A576-6894A49C2E37}.Debug|Any CPU.ActiveCfg = Debug|Any CPU
		{2D4134CE-C36B-494C-A576-6894A49C2E37}.Debug|Any CPU.Build.0 = Debug|Any CPU
		{2D4134CE-C36B-494C-A576-6894A49C2E37}.Release|Any CPU.ActiveCfg = Release|Any CPU
		{2D4134CE-C36B-494C-A576-6894A49C2E37}.Release|Any CPU.Build.0 = Release|Any CPU
		{28F8B712-8B00-4806-A199-89C4E8BBB2E3}.Debug|Any CPU.ActiveCfg = Debug|Any CPU
		{28F8B712-8B00-4806-A199-89C4E8BBB2E3}.Debug|Any CPU.Build.0 = Debug|Any CPU
		{28F8B712-8B00-4806-A199-89C4E8BBB2E3}.Release|Any CPU.ActiveCfg = Release|Any CPU
		{28F8B712-8B00-4806-A199-89C4E8BBB2E3}.Release|Any CPU.Build.0 = Release|Any CPU
		{5FAE4D0E-3449-4378-B467-1117DDE41E6A}.Debug|Any CPU.ActiveCfg = Debug|Any CPU
		{5FAE4D0E-3449-4378-B467-1117DDE41E6A}.Debug|Any CPU.Build.0 = Debug|Any CPU
		{5FAE4D0E-3449-4378-B467-1117DDE41E6A}.Release|Any CPU.ActiveCfg = Release|Any CPU
		{5FAE4D0E-3449-4378-B467-1117DDE41E6A}.Release|Any CPU.Build.0 = Release|Any CPU
		{CE7529E9-7FF5-4684-A55C-D07D4CF7B6F4}.Debug|Any CPU.ActiveCfg = Debug|Any CPU
		{CE7529E9-7FF5-4684-A55C-D07D4CF7B6F4}.Debug|Any CPU.Build.0 = Debug|Any CPU
		{CE7529E9-7FF5-4684-A55C-D07D4CF7B6F4}.Release|Any CPU.ActiveCfg = Release|Any CPU
		{CE7529E9-7FF5-4684-A55C-D07D4CF7B6F4}.Release|Any CPU.Build.0 = Release|Any CPU
	EndGlobalSection
	GlobalSection(SolutionProperties) = preSolution
		HideSolutionNode = FALSE
	EndGlobalSection
	GlobalSection(NestedProjects) = preSolution
		{5AA94CAD-4AC6-4843-A049-D5ADFFFB105A} = {A887BD35-8F13-45F3-95A4-81B6A70E696C}
		{1BA895B9-DC53-4F70-B44D-8DC8B7AE5082} = {A887BD35-8F13-45F3-95A4-81B6A70E696C}
		{2D4134CE-C36B-494C-A576-6894A49C2E37} = {A887BD35-8F13-45F3-95A4-81B6A70E696C}
		{28F8B712-8B00-4806-A199-89C4E8BBB2E3} = {B089CFE6-EE5B-45E8-B215-5209465F2CAD}
		{5FAE4D0E-3449-4378-B467-1117DDE41E6A} = {B089CFE6-EE5B-45E8-B215-5209465F2CAD}
	EndGlobalSection
	GlobalSection(ExtensibilityGlobals) = postSolution
		SolutionGuid = {5786EA92-E9EE-4DF2-B605-FF15418B9A8D}
	EndGlobalSection
EndGlobal
